// !$*UTF8*$!
{
	archiveVersion = 1;
	classes = {
	};
	objectVersion = 46;
	objects = {

/* Begin PBXBuildFile section */
		81E0C7E11C3E76E700CAD95A /* AppDelegate.swift in Sources */ = {isa = PBXBuildFile; fileRef = 81E0C7E01C3E76E700CAD95A /* AppDelegate.swift */; };
		81E0C7E31C3E76E700CAD95A /* ViewController.swift in Sources */ = {isa = PBXBuildFile; fileRef = 81E0C7E21C3E76E700CAD95A /* ViewController.swift */; };
		81E0C7E61C3E76E700CAD95A /* Main.storyboard in Resources */ = {isa = PBXBuildFile; fileRef = 81E0C7E41C3E76E700CAD95A /* Main.storyboard */; };
		81E0C7E91C3E76E700CAD95A /* iOSKeyBoardSample.xcdatamodeld in Sources */ = {isa = PBXBuildFile; fileRef = 81E0C7E71C3E76E700CAD95A /* iOSKeyBoardSample.xcdatamodeld */; };
		81E0C7EB1C3E76E700CAD95A /* Assets.xcassets in Resources */ = {isa = PBXBuildFile; fileRef = 81E0C7EA1C3E76E700CAD95A /* Assets.xcassets */; };
		81E0C7EE1C3E76E700CAD95A /* LaunchScreen.storyboard in Resources */ = {isa = PBXBuildFile; fileRef = 81E0C7EC1C3E76E700CAD95A /* LaunchScreen.storyboard */; };
		81E0C7F91C3E76E700CAD95A /* iOSKeyBoardSampleTests.swift in Sources */ = {isa = PBXBuildFile; fileRef = 81E0C7F81C3E76E700CAD95A /* iOSKeyBoardSampleTests.swift */; };
		81E0C8041C3E76E700CAD95A /* iOSKeyBoardSampleUITests.swift in Sources */ = {isa = PBXBuildFile; fileRef = 81E0C8031C3E76E700CAD95A /* iOSKeyBoardSampleUITests.swift */; };
		81E0C8181C3E777500CAD95A /* KeyboardViewController.swift in Sources */ = {isa = PBXBuildFile; fileRef = 81E0C8171C3E777500CAD95A /* KeyboardViewController.swift */; };
		81E0C81C1C3E777500CAD95A /* iOSKeyBoardCustom.appex in Embed App Extensions */ = {isa = PBXBuildFile; fileRef = 81E0C8151C3E777500CAD95A /* iOSKeyBoardCustom.appex */; settings = {ATTRIBUTES = (RemoveHeadersOnCopy, ); }; };
/* End PBXBuildFile section */

/* Begin PBXContainerItemProxy section */
		81E0C7F51C3E76E700CAD95A /* PBXContainerItemProxy */ = {
			isa = PBXContainerItemProxy;
			containerPortal = 81E0C7D51C3E76E700CAD95A /* Project object */;
			proxyType = 1;
			remoteGlobalIDString = 81E0C7DC1C3E76E700CAD95A;
			remoteInfo = iOSKeyBoardSample;
		};
		81E0C8001C3E76E700CAD95A /* PBXContainerItemProxy */ = {
			isa = PBXContainerItemProxy;
			containerPortal = 81E0C7D51C3E76E700CAD95A /* Project object */;
			proxyType = 1;
			remoteGlobalIDString = 81E0C7DC1C3E76E700CAD95A;
			remoteInfo = iOSKeyBoardSample;
		};
		81E0C81A1C3E777500CAD95A /* PBXContainerItemProxy */ = {
			isa = PBXContainerItemProxy;
			containerPortal = 81E0C7D51C3E76E700CAD95A /* Project object */;
			proxyType = 1;
			remoteGlobalIDString = 81E0C8141C3E777500CAD95A;
			remoteInfo = iOSKeyBoardCustom;
		};
/* End PBXContainerItemProxy section */

/* Begin PBXCopyFilesBuildPhase section */
		81E0C8201C3E777500CAD95A /* Embed App Extensions */ = {
			isa = PBXCopyFilesBuildPhase;
			buildActionMask = 2147483647;
			dstPath = "";
			dstSubfolderSpec = 13;
			files = (
				81E0C81C1C3E777500CAD95A /* iOSKeyBoardCustom.appex in Embed App Extensions */,
			);
			name = "Embed App Extensions";
			runOnlyForDeploymentPostprocessing = 0;
		};
/* End PBXCopyFilesBuildPhase section */

/* Begin PBXFileReference section */
		81E0C7DD1C3E76E700CAD95A /* iOSKeyBoardSample.app */ = {isa = PBXFileReference; explicitFileType = wrapper.application; includeInIndex = 0; path = iOSKeyBoardSample.app; sourceTree = BUILT_PRODUCTS_DIR; };
		81E0C7E01C3E76E700CAD95A /* AppDelegate.swift */ = {isa = PBXFileReference; lastKnownFileType = sourcecode.swift; path = AppDelegate.swift; sourceTree = "<group>"; };
		81E0C7E21C3E76E700CAD95A /* ViewController.swift */ = {isa = PBXFileReference; lastKnownFileType = sourcecode.swift; path = ViewController.swift; sourceTree = "<group>"; };
		81E0C7E51C3E76E700CAD95A /* Base */ = {isa = PBXFileReference; lastKnownFileType = file.storyboard; name = Base; path = Base.lproj/Main.storyboard; sourceTree = "<group>"; };
		81E0C7E81C3E76E700CAD95A /* iOSKeyBoardSample.xcdatamodel */ = {isa = PBXFileReference; lastKnownFileType = wrapper.xcdatamodel; path = iOSKeyBoardSample.xcdatamodel; sourceTree = "<group>"; };
		81E0C7EA1C3E76E700CAD95A /* Assets.xcassets */ = {isa = PBXFileReference; lastKnownFileType = folder.assetcatalog; path = Assets.xcassets; sourceTree = "<group>"; };
		81E0C7ED1C3E76E700CAD95A /* Base */ = {isa = PBXFileReference; lastKnownFileType = file.storyboard; name = Base; path = Base.lproj/LaunchScreen.storyboard; sourceTree = "<group>"; };
		81E0C7EF1C3E76E700CAD95A /* Info.plist */ = {isa = PBXFileReference; lastKnownFileType = text.plist.xml; path = Info.plist; sourceTree = "<group>"; };
		81E0C7F41C3E76E700CAD95A /* iOSKeyBoardSampleTests.xctest */ = {isa = PBXFileReference; explicitFileType = wrapper.cfbundle; includeInIndex = 0; path = iOSKeyBoardSampleTests.xctest; sourceTree = BUILT_PRODUCTS_DIR; };
		81E0C7F81C3E76E700CAD95A /* iOSKeyBoardSampleTests.swift */ = {isa = PBXFileReference; lastKnownFileType = sourcecode.swift; path = iOSKeyBoardSampleTests.swift; sourceTree = "<group>"; };
		81E0C7FA1C3E76E700CAD95A /* Info.plist */ = {isa = PBXFileReference; lastKnownFileType = text.plist.xml; path = Info.plist; sourceTree = "<group>"; };
		81E0C7FF1C3E76E700CAD95A /* iOSKeyBoardSampleUITests.xctest */ = {isa = PBXFileReference; explicitFileType = wrapper.cfbundle; includeInIndex = 0; path = iOSKeyBoardSampleUITests.xctest; sourceTree = BUILT_PRODUCTS_DIR; };
		81E0C8031C3E76E700CAD95A /* iOSKeyBoardSampleUITests.swift */ = {isa = PBXFileReference; lastKnownFileType = sourcecode.swift; path = iOSKeyBoardSampleUITests.swift; sourceTree = "<group>"; };
		81E0C8051C3E76E700CAD95A /* Info.plist */ = {isa = PBXFileReference; lastKnownFileType = text.plist.xml; path = Info.plist; sourceTree = "<group>"; };
		81E0C8151C3E777500CAD95A /* iOSKeyBoardCustom.appex */ = {isa = PBXFileReference; explicitFileType = "wrapper.app-extension"; includeInIndex = 0; path = iOSKeyBoardCustom.appex; sourceTree = BUILT_PRODUCTS_DIR; };
		81E0C8171C3E777500CAD95A /* KeyboardViewController.swift */ = {isa = PBXFileReference; lastKnownFileType = sourcecode.swift; path = KeyboardViewController.swift; sourceTree = "<group>"; };
		81E0C8191C3E777500CAD95A /* Info.plist */ = {isa = PBXFileReference; lastKnownFileType = text.plist.xml; path = Info.plist; sourceTree = "<group>"; };
/* End PBXFileReference section */

/* Begin PBXFrameworksBuildPhase section */
		81E0C7DA1C3E76E700CAD95A /* Frameworks */ = {
			isa = PBXFrameworksBuildPhase;
			buildActionMask = 2147483647;
			files = (
			);
			runOnlyForDeploymentPostprocessing = 0;
		};
		81E0C7F11C3E76E700CAD95A /* Frameworks */ = {
			isa = PBXFrameworksBuildPhase;
			buildActionMask = 2147483647;
			files = (
			);
			runOnlyForDeploymentPostprocessing = 0;
		};
		81E0C7FC1C3E76E700CAD95A /* Frameworks */ = {
			isa = PBXFrameworksBuildPhase;
			buildActionMask = 2147483647;
			files = (
			);
			runOnlyForDeploymentPostprocessing = 0;
		};
		81E0C8121C3E777500CAD95A /* Frameworks */ = {
			isa = PBXFrameworksBuildPhase;
			buildActionMask = 2147483647;
			files = (
			);
			runOnlyForDeploymentPostprocessing = 0;
		};
/* End PBXFrameworksBuildPhase section */

/* Begin PBXGroup section */
		81E0C7D41C3E76E700CAD95A = {
			isa = PBXGroup;
			children = (
				81E0C7DF1C3E76E700CAD95A /* iOSKeyBoardSample */,
				81E0C7F71C3E76E700CAD95A /* iOSKeyBoardSampleTests */,
				81E0C8021C3E76E700CAD95A /* iOSKeyBoardSampleUITests */,
				81E0C8161C3E777500CAD95A /* iOSKeyBoardCustom */,
				81E0C7DE1C3E76E700CAD95A /* Products */,
			);
			sourceTree = "<group>";
		};
		81E0C7DE1C3E76E700CAD95A /* Products */ = {
			isa = PBXGroup;
			children = (
				81E0C7DD1C3E76E700CAD95A /* iOSKeyBoardSample.app */,
				81E0C7F41C3E76E700CAD95A /* iOSKeyBoardSampleTests.xctest */,
				81E0C7FF1C3E76E700CAD95A /* iOSKeyBoardSampleUITests.xctest */,
				81E0C8151C3E777500CAD95A /* iOSKeyBoardCustom.appex */,
			);
			name = Products;
			sourceTree = "<group>";
		};
		81E0C7DF1C3E76E700CAD95A /* iOSKeyBoardSample */ = {
			isa = PBXGroup;
			children = (
				81E0C7E01C3E76E700CAD95A /* AppDelegate.swift */,
				81E0C7E21C3E76E700CAD95A /* ViewController.swift */,
				81E0C7E41C3E76E700CAD95A /* Main.storyboard */,
				81E0C7EA1C3E76E700CAD95A /* Assets.xcassets */,
				81E0C7EC1C3E76E700CAD95A /* LaunchScreen.storyboard */,
				81E0C7EF1C3E76E700CAD95A /* Info.plist */,
				81E0C7E71C3E76E700CAD95A /* iOSKeyBoardSample.xcdatamodeld */,
			);
			path = iOSKeyBoardSample;
			sourceTree = "<group>";
		};
		81E0C7F71C3E76E700CAD95A /* iOSKeyBoardSampleTests */ = {
			isa = PBXGroup;
			children = (
				81E0C7F81C3E76E700CAD95A /* iOSKeyBoardSampleTests.swift */,
				81E0C7FA1C3E76E700CAD95A /* Info.plist */,
			);
			path = iOSKeyBoardSampleTests;
			sourceTree = "<group>";
		};
		81E0C8021C3E76E700CAD95A /* iOSKeyBoardSampleUITests */ = {
			isa = PBXGroup;
			children = (
				81E0C8031C3E76E700CAD95A /* iOSKeyBoardSampleUITests.swift */,
				81E0C8051C3E76E700CAD95A /* Info.plist */,
			);
			path = iOSKeyBoardSampleUITests;
			sourceTree = "<group>";
		};
		81E0C8161C3E777500CAD95A /* iOSKeyBoardCustom */ = {
			isa = PBXGroup;
			children = (
				81E0C8171C3E777500CAD95A /* KeyboardViewController.swift */,
				81E0C8191C3E777500CAD95A /* Info.plist */,
			);
			path = iOSKeyBoardCustom;
			sourceTree = "<group>";
		};
/* End PBXGroup section */

/* Begin PBXNativeTarget section */
		81E0C7DC1C3E76E700CAD95A /* iOSKeyBoardSample */ = {
			isa = PBXNativeTarget;
			buildConfigurationList = 81E0C8081C3E76E700CAD95A /* Build configuration list for PBXNativeTarget "iOSKeyBoardSample" */;
			buildPhases = (
				81E0C7D91C3E76E700CAD95A /* Sources */,
				81E0C7DA1C3E76E700CAD95A /* Frameworks */,
				81E0C7DB1C3E76E700CAD95A /* Resources */,
				81E0C8201C3E777500CAD95A /* Embed App Extensions */,
			);
			buildRules = (
			);
			dependencies = (
				81E0C81B1C3E777500CAD95A /* PBXTargetDependency */,
			);
			name = iOSKeyBoardSample;
			productName = iOSKeyBoardSample;
			productReference = 81E0C7DD1C3E76E700CAD95A /* iOSKeyBoardSample.app */;
			productType = "com.apple.product-type.application";
		};
		81E0C7F31C3E76E700CAD95A /* iOSKeyBoardSampleTests */ = {
			isa = PBXNativeTarget;
			buildConfigurationList = 81E0C80B1C3E76E700CAD95A /* Build configuration list for PBXNativeTarget "iOSKeyBoardSampleTests" */;
			buildPhases = (
				81E0C7F01C3E76E700CAD95A /* Sources */,
				81E0C7F11C3E76E700CAD95A /* Frameworks */,
				81E0C7F21C3E76E700CAD95A /* Resources */,
			);
			buildRules = (
			);
			dependencies = (
				81E0C7F61C3E76E700CAD95A /* PBXTargetDependency */,
			);
			name = iOSKeyBoardSampleTests;
			productName = iOSKeyBoardSampleTests;
			productReference = 81E0C7F41C3E76E700CAD95A /* iOSKeyBoardSampleTests.xctest */;
			productType = "com.apple.product-type.bundle.unit-test";
		};
		81E0C7FE1C3E76E700CAD95A /* iOSKeyBoardSampleUITests */ = {
			isa = PBXNativeTarget;
			buildConfigurationList = 81E0C80E1C3E76E700CAD95A /* Build configuration list for PBXNativeTarget "iOSKeyBoardSampleUITests" */;
			buildPhases = (
				81E0C7FB1C3E76E700CAD95A /* Sources */,
				81E0C7FC1C3E76E700CAD95A /* Frameworks */,
				81E0C7FD1C3E76E700CAD95A /* Resources */,
			);
			buildRules = (
			);
			dependencies = (
				81E0C8011C3E76E700CAD95A /* PBXTargetDependency */,
			);
			name = iOSKeyBoardSampleUITests;
			productName = iOSKeyBoardSampleUITests;
			productReference = 81E0C7FF1C3E76E700CAD95A /* iOSKeyBoardSampleUITests.xctest */;
			productType = "com.apple.product-type.bundle.ui-testing";
		};
		81E0C8141C3E777500CAD95A /* iOSKeyBoardCustom */ = {
			isa = PBXNativeTarget;
			buildConfigurationList = 81E0C81F1C3E777500CAD95A /* Build configuration list for PBXNativeTarget "iOSKeyBoardCustom" */;
			buildPhases = (
				81E0C8111C3E777500CAD95A /* Sources */,
				81E0C8121C3E777500CAD95A /* Frameworks */,
				81E0C8131C3E777500CAD95A /* Resources */,
			);
			buildRules = (
			);
			dependencies = (
			);
			name = iOSKeyBoardCustom;
			productName = iOSKeyBoardCustom;
			productReference = 81E0C8151C3E777500CAD95A /* iOSKeyBoardCustom.appex */;
			productType = "com.apple.product-type.app-extension";
		};
/* End PBXNativeTarget section */

/* Begin PBXProject section */
		81E0C7D51C3E76E700CAD95A /* Project object */ = {
			isa = PBXProject;
			attributes = {
				LastSwiftUpdateCheck = 0720;
				LastUpgradeCheck = 0720;
				ORGANIZATIONNAME = GaoLianjing;
				TargetAttributes = {
					81E0C7DC1C3E76E700CAD95A = {
						CreatedOnToolsVersion = 7.2;
						DevelopmentTeam = KH5XLUDBU8;
					};
					81E0C7F31C3E76E700CAD95A = {
						CreatedOnToolsVersion = 7.2;
						DevelopmentTeam = KH5XLUDBU8;
						TestTargetID = 81E0C7DC1C3E76E700CAD95A;
					};
					81E0C7FE1C3E76E700CAD95A = {
						CreatedOnToolsVersion = 7.2;
						DevelopmentTeam = KH5XLUDBU8;
						TestTargetID = 81E0C7DC1C3E76E700CAD95A;
					};
					81E0C8141C3E777500CAD95A = {
						CreatedOnToolsVersion = 7.2;
						DevelopmentTeam = KH5XLUDBU8;
					};
				};
			};
			buildConfigurationList = 81E0C7D81C3E76E700CAD95A /* Build configuration list for PBXProject "iOSKeyBoardSample" */;
			compatibilityVersion = "Xcode 3.2";
			developmentRegion = English;
			hasScannedForEncodings = 0;
			knownRegions = (
				en,
				Base,
			);
			mainGroup = 81E0C7D41C3E76E700CAD95A;
			productRefGroup = 81E0C7DE1C3E76E700CAD95A /* Products */;
			projectDirPath = "";
			projectRoot = "";
			targets = (
				81E0C7DC1C3E76E700CAD95A /* iOSKeyBoardSample */,
				81E0C7F31C3E76E700CAD95A /* iOSKeyBoardSampleTests */,
				81E0C7FE1C3E76E700CAD95A /* iOSKeyBoardSampleUITests */,
				81E0C8141C3E777500CAD95A /* iOSKeyBoardCustom */,
			);
		};
/* End PBXProject section */

/* Begin PBXResourcesBuildPhase section */
		81E0C7DB1C3E76E700CAD95A /* Resources */ = {
			isa = PBXResourcesBuildPhase;
			buildActionMask = 2147483647;
			files = (
				81E0C7EE1C3E76E700CAD95A /* LaunchScreen.storyboard in Resources */,
				81E0C7EB1C3E76E700CAD95A /* Assets.xcassets in Resources */,
				81E0C7E61C3E76E700CAD95A /* Main.storyboard in Resources */,
			);
			runOnlyForDeploymentPostprocessing = 0;
		};
		81E0C7F21C3E76E700CAD95A /* Resources */ = {
			isa = PBXResourcesBuildPhase;
			buildActionMask = 2147483647;
			files = (
			);
			runOnlyForDeploymentPostprocessing = 0;
		};
		81E0C7FD1C3E76E700CAD95A /* Resources */ = {
			isa = PBXResourcesBuildPhase;
			buildActionMask = 2147483647;
			files = (
			);
			runOnlyForDeploymentPostprocessing = 0;
		};
		81E0C8131C3E777500CAD95A /* Resources */ = {
			isa = PBXResourcesBuildPhase;
			buildActionMask = 2147483647;
			files = (
			);
			runOnlyForDeploymentPostprocessing = 0;
		};
/* End PBXResourcesBuildPhase section */

/* Begin PBXSourcesBuildPhase section */
		81E0C7D91C3E76E700CAD95A /* Sources */ = {
			isa = PBXSourcesBuildPhase;
			buildActionMask = 2147483647;
			files = (
				81E0C7E31C3E76E700CAD95A /* ViewController.swift in Sources */,
				81E0C7E91C3E76E700CAD95A /* iOSKeyBoardSample.xcdatamodeld in Sources */,
				81E0C7E11C3E76E700CAD95A /* AppDelegate.swift in Sources */,
			);
			runOnlyForDeploymentPostprocessing = 0;
		};
		81E0C7F01C3E76E700CAD95A /* Sources */ = {
			isa = PBXSourcesBuildPhase;
			buildActionMask = 2147483647;
			files = (
				81E0C7F91C3E76E700CAD95A /* iOSKeyBoardSampleTests.swift in Sources */,
			);
			runOnlyForDeploymentPostprocessing = 0;
		};
		81E0C7FB1C3E76E700CAD95A /* Sources */ = {
			isa = PBXSourcesBuildPhase;
			buildActionMask = 2147483647;
			files = (
				81E0C8041C3E76E700CAD95A /* iOSKeyBoardSampleUITests.swift in Sources */,
			);
			runOnlyForDeploymentPostprocessing = 0;
		};
		81E0C8111C3E777500CAD95A /* Sources */ = {
			isa = PBXSourcesBuildPhase;
			buildActionMask = 2147483647;
			files = (
				81E0C8181C3E777500CAD95A /* KeyboardViewController.swift in Sources */,
			);
			runOnlyForDeploymentPostprocessing = 0;
		};
/* End PBXSourcesBuildPhase section */

/* Begin PBXTargetDependency section */
		81E0C7F61C3E76E700CAD95A /* PBXTargetDependency */ = {
			isa = PBXTargetDependency;
			target = 81E0C7DC1C3E76E700CAD95A /* iOSKeyBoardSample */;
			targetProxy = 81E0C7F51C3E76E700CAD95A /* PBXContainerItemProxy */;
		};
		81E0C8011C3E76E700CAD95A /* PBXTargetDependency */ = {
			isa = PBXTargetDependency;
			target = 81E0C7DC1C3E76E700CAD95A /* iOSKeyBoardSample */;
			targetProxy = 81E0C8001C3E76E700CAD95A /* PBXContainerItemProxy */;
		};
		81E0C81B1C3E777500CAD95A /* PBXTargetDependency */ = {
			isa = PBXTargetDependency;
			target = 81E0C8141C3E777500CAD95A /* iOSKeyBoardCustom */;
			targetProxy = 81E0C81A1C3E777500CAD95A /* PBXContainerItemProxy */;
		};
/* End PBXTargetDependency section */

/* Begin PBXVariantGroup section */
		81E0C7E41C3E76E700CAD95A /* Main.storyboard */ = {
			isa = PBXVariantGroup;
			children = (
				81E0C7E51C3E76E700CAD95A /* Base */,
			);
			name = Main.storyboard;
			sourceTree = "<group>";
		};
		81E0C7EC1C3E76E700CAD95A /* LaunchScreen.storyboard */ = {
			isa = PBXVariantGroup;
			children = (
				81E0C7ED1C3E76E700CAD95A /* Base */,
			);
			name = LaunchScreen.storyboard;
			sourceTree = "<group>";
		};
/* End PBXVariantGroup section */

/* Begin XCBuildConfiguration section */
		81E0C8061C3E76E700CAD95A /* Debug */ = {
			isa = XCBuildConfiguration;
			buildSettings = {
				ALWAYS_SEARCH_USER_PATHS = NO;
				CLANG_CXX_LANGUAGE_STANDARD = "gnu++0x";
				CLANG_CXX_LIBRARY = "libc++";
				CLANG_ENABLE_MODULES = YES;
				CLANG_ENABLE_OBJC_ARC = YES;
				CLANG_WARN_BOOL_CONVERSION = YES;
				CLANG_WARN_CONSTANT_CONVERSION = YES;
				CLANG_WARN_DIRECT_OBJC_ISA_USAGE = YES_ERROR;
				CLANG_WARN_EMPTY_BODY = YES;
				CLANG_WARN_ENUM_CONVERSION = YES;
				CLANG_WARN_INT_CONVERSION = YES;
				CLANG_WARN_OBJC_ROOT_CLASS = YES_ERROR;
				CLANG_WARN_UNREACHABLE_CODE = YES;
				CLANG_WARN__DUPLICATE_METHOD_MATCH = YES;
				"CODE_SIGN_IDENTITY[sdk=iphoneos*]" = "iPhone Developer";
				COPY_PHASE_STRIP = NO;
				DEBUG_INFORMATION_FORMAT = dwarf;
				ENABLE_STRICT_OBJC_MSGSEND = YES;
				ENABLE_TESTABILITY = YES;
				GCC_C_LANGUAGE_STANDARD = gnu99;
				GCC_DYNAMIC_NO_PIC = NO;
				GCC_NO_COMMON_BLOCKS = YES;
				GCC_OPTIMIZATION_LEVEL = 0;
				GCC_PREPROCESSOR_DEFINITIONS = (
					"DEBUG=1",
					"$(inherited)",
				);
				GCC_WARN_64_TO_32_BIT_CONVERSION = YES;
				GCC_WARN_ABOUT_RETURN_TYPE = YES_ERROR;
				GCC_WARN_UNDECLARED_SELECTOR = YES;
				GCC_WARN_UNINITIALIZED_AUTOS = YES_AGGRESSIVE;
				GCC_WARN_UNUSED_FUNCTION = YES;
				GCC_WARN_UNUSED_VARIABLE = YES;
				IPHONEOS_DEPLOYMENT_TARGET = 9.2;
				MTL_ENABLE_DEBUG_INFO = YES;
				ONLY_ACTIVE_ARCH = YES;
				SDKROOT = iphoneos;
				SWIFT_OPTIMIZATION_LEVEL = "-Onone";
			};
			name = Debug;
		};
		81E0C8071C3E76E700CAD95A /* Release */ = {
			isa = XCBuildConfiguration;
			buildSettings = {
				ALWAYS_SEARCH_USER_PATHS = NO;
				CLANG_CXX_LANGUAGE_STANDARD = "gnu++0x";
				CLANG_CXX_LIBRARY = "libc++";
				CLANG_ENABLE_MODULES = YES;
				CLANG_ENABLE_OBJC_ARC = YES;
				CLANG_WARN_BOOL_CONVERSION = YES;
				CLANG_WARN_CONSTANT_CONVERSION = YES;
				CLANG_WARN_DIRECT_OBJC_ISA_USAGE = YES_ERROR;
				CLANG_WARN_EMPTY_BODY = YES;
				CLANG_WARN_ENUM_CONVERSION = YES;
				CLANG_WARN_INT_CONVERSION = YES;
				CLANG_WARN_OBJC_ROOT_CLASS = YES_ERROR;
				CLANG_WARN_UNREACHABLE_CODE = YES;
				CLANG_WARN__DUPLICATE_METHOD_MATCH = YES;
				"CODE_SIGN_IDENTITY[sdk=iphoneos*]" = "iPhone Developer";
				COPY_PHASE_STRIP = NO;
				DEBUG_INFORMATION_FORMAT = "dwarf-with-dsym";
				ENABLE_NS_ASSERTIONS = NO;
				ENABLE_STRICT_OBJC_MSGSEND = YES;
				GCC_C_LANGUAGE_STANDARD = gnu99;
				GCC_NO_COMMON_BLOCKS = YES;
				GCC_WARN_64_TO_32_BIT_CONVERSION = YES;
				GCC_WARN_ABOUT_RETURN_TYPE = YES_ERROR;
				GCC_WARN_UNDECLARED_SELECTOR = YES;
				GCC_WARN_UNINITIALIZED_AUTOS = YES_AGGRESSIVE;
				GCC_WARN_UNUSED_FUNCTION = YES;
				GCC_WARN_UNUSED_VARIABLE = YES;
				IPHONEOS_DEPLOYMENT_TARGET = 9.2;
				MTL_ENABLE_DEBUG_INFO = NO;
				SDKROOT = iphoneos;
				VALIDATE_PRODUCT = YES;
			};
			name = Release;
		};
		81E0C8091C3E76E700CAD95A /* Debug */ = {
			isa = XCBuildConfiguration;
			buildSettings = {
				ASSETCATALOG_COMPILER_APPICON_NAME = AppIcon;
				EMBEDDED_CONTENT_CONTAINS_SWIFT = YES;
				INFOPLIST_FILE = iOSKeyBoardSample/Info.plist;
				LD_RUNPATH_SEARCH_PATHS = "$(inherited) @executable_path/Frameworks";
				PRODUCT_BUNDLE_IDENTIFIER = GaoLianjing.iOSKeyBoardSample;
				PRODUCT_NAME = "$(TARGET_NAME)";
			};
			name = Debug;
		};
		81E0C80A1C3E76E700CAD95A /* Release */ = {
			isa = XCBuildConfiguration;
			buildSettings = {
				ASSETCATALOG_COMPILER_APPICON_NAME = AppIcon;
				EMBEDDED_CONTENT_CONTAINS_SWIFT = YES;
				INFOPLIST_FILE = iOSKeyBoardSample/Info.plist;
				LD_RUNPATH_SEARCH_PATHS = "$(inherited) @executable_path/Frameworks";
				PRODUCT_BUNDLE_IDENTIFIER = GaoLianjing.iOSKeyBoardSample;
				PRODUCT_NAME = "$(TARGET_NAME)";
			};
			name = Release;
		};
		81E0C80C1C3E76E700CAD95A /* Debug */ = {
			isa = XCBuildConfiguration;
			buildSettings = {
				BUNDLE_LOADER = "$(TEST_HOST)";
				INFOPLIST_FILE = iOSKeyBoardSampleTests/Info.plist;
				LD_RUNPATH_SEARCH_PATHS = "$(inherited) @executable_path/Frameworks @loader_path/Frameworks";
				PRODUCT_BUNDLE_IDENTIFIER = GaoLianjing.iOSKeyBoardSampleTests;
				PRODUCT_NAME = "$(TARGET_NAME)";
				TEST_HOST = "$(BUILT_PRODUCTS_DIR)/iOSKeyBoardSample.app/iOSKeyBoardSample";
			};
			name = Debug;
		};
		81E0C80D1C3E76E700CAD95A /* Release */ = {
			isa = XCBuildConfiguration;
			buildSettings = {
				BUNDLE_LOADER = "$(TEST_HOST)";
				INFOPLIST_FILE = iOSKeyBoardSampleTests/Info.plist;
				LD_RUNPATH_SEARCH_PATHS = "$(inherited) @executable_path/Frameworks @loader_path/Frameworks";
				PRODUCT_BUNDLE_IDENTIFIER = GaoLianjing.iOSKeyBoardSampleTests;
				PRODUCT_NAME = "$(TARGET_NAME)";
				TEST_HOST = "$(BUILT_PRODUCTS_DIR)/iOSKeyBoardSample.app/iOSKeyBoardSample";
			};
			name = Release;
		};
		81E0C80F1C3E76E700CAD95A /* Debug */ = {
			isa = XCBuildConfiguration;
			buildSettings = {
				INFOPLIST_FILE = iOSKeyBoardSampleUITests/Info.plist;
				LD_RUNPATH_SEARCH_PATHS = "$(inherited) @executable_path/Frameworks @loader_path/Frameworks";
				PRODUCT_BUNDLE_IDENTIFIER = GaoLianjing.iOSKeyBoardSampleUITests;
				PRODUCT_NAME = "$(TARGET_NAME)";
				TEST_TARGET_NAME = iOSKeyBoardSample;
				USES_XCTRUNNER = YES;
			};
			name = Debug;
		};
		81E0C8101C3E76E700CAD95A /* Release */ = {
			isa = XCBuildConfiguration;
			buildSettings = {
				INFOPLIST_FILE = iOSKeyBoardSampleUITests/Info.plist;
				LD_RUNPATH_SEARCH_PATHS = "$(inherited) @executable_path/Frameworks @loader_path/Frameworks";
				PRODUCT_BUNDLE_IDENTIFIER = GaoLianjing.iOSKeyBoardSampleUITests;
				PRODUCT_NAME = "$(TARGET_NAME)";
				TEST_TARGET_NAME = iOSKeyBoardSample;
				USES_XCTRUNNER = YES;
			};
			name = Release;
		};
		81E0C81D1C3E777500CAD95A /* Debug */ = {
			isa = XCBuildConfiguration;
			buildSettings = {
				INFOPLIST_FILE = iOSKeyBoardCustom/Info.plist;
				LD_RUNPATH_SEARCH_PATHS = "$(inherited) @executable_path/Frameworks @executable_path/../../Frameworks";
				PRODUCT_BUNDLE_IDENTIFIER = GaoLianjing.iOSKeyBoardSample.iOSKeyBoardCustom;
				PRODUCT_NAME = "$(TARGET_NAME)";
				SKIP_INSTALL = YES;
			};
			name = Debug;
		};
		81E0C81E1C3E777500CAD95A /* Release */ = {
			isa = XCBuildConfiguration;
			buildSettings = {
				INFOPLIST_FILE = iOSKeyBoardCustom/Info.plist;
				LD_RUNPATH_SEARCH_PATHS = "$(inherited) @executable_path/Frameworks @executable_path/../../Frameworks";
				PRODUCT_BUNDLE_IDENTIFIER = GaoLianjing.iOSKeyBoardSample.iOSKeyBoardCustom;
				PRODUCT_NAME = "$(TARGET_NAME)";
				SKIP_INSTALL = YES;
			};
			name = Release;
		};
/* End XCBuildConfiguration section */

/* Begin XCConfigurationList section */
		81E0C7D81C3E76E700CAD95A /* Build configuration list for PBXProject "iOSKeyBoardSample" */ = {
			isa = XCConfigurationList;
			buildConfigurations = (
				81E0C8061C3E76E700CAD95A /* Debug */,
				81E0C8071C3E76E700CAD95A /* Release */,
			);
			defaultConfigurationIsVisible = 0;
			defaultConfigurationName = Release;
		};
		81E0C8081C3E76E700CAD95A /* Build configuration list for PBXNativeTarget "iOSKeyBoardSample" */ = {
			isa = XCConfigurationList;
			buildConfigurations = (
				81E0C8091C3E76E700CAD95A /* Debug */,
				81E0C80A1C3E76E700CAD95A /* Release */,
			);
			defaultConfigurationIsVisible = 0;
			defaultConfigurationName = Release;
		};
		81E0C80B1C3E76E700CAD95A /* Build configuration list for PBXNativeTarget "iOSKeyBoardSampleTests" */ = {
			isa = XCConfigurationList;
			buildConfigurations = (
				81E0C80C1C3E76E700CAD95A /* Debug */,
				81E0C80D1C3E76E700CAD95A /* Release */,
			);
			defaultConfigurationIsVisible = 0;
			defaultConfigurationName = Release;
		};
		81E0C80E1C3E76E700CAD95A /* Build configuration list for PBXNativeTarget "iOSKeyBoardSampleUITests" */ = {
			isa = XCConfigurationList;
			buildConfigurations = (
				81E0C80F1C3E76E700CAD95A /* Debug */,
				81E0C8101C3E76E700CAD95A /* Release */,
			);
			defaultConfigurationIsVisible = 0;
			defaultConfigurationName = Release;
		};
		81E0C81F1C3E777500CAD95A /* Build configuration list for PBXNativeTarget "iOSKeyBoardCustom" */ = {
			isa = XCConfigurationList;
			buildConfigurations = (
				81E0C81D1C3E777500CAD95A /* Debug */,
				81E0C81E1C3E777500CAD95A /* Release */,
			);
			defaultConfigurationIsVisible = 0;
		};
/* End XCConfigurationList section */

/* Begin XCVersionGroup section */
		81E0C7E71C3E76E700CAD95A /* iOSKeyBoardSample.xcdatamodeld */ = {
			isa = XCVersionGroup;
			children = (
				81E0C7E81C3E76E700CAD95A /* iOSKeyBoardSample.xcdatamodel */,
			);
			currentVersion = 81E0C7E81C3E76E700CAD95A /* iOSKeyBoardSample.xcdatamodel */;
			path = iOSKeyBoardSample.xcdatamodeld;
			sourceTree = "<group>";
			versionGroupType = wrapper.xcdatamodel;
		};
/* End XCVersionGroup section */
	};
	rootObject = 81E0C7D51C3E76E700CAD95A /* Project object */;
}
